
Microsoft Visual Studio Solution File, Format Version 12.00
Project("{FAE04EC0-301F-11D3-BF4B-00C04F79EFBC}") = "Homer.ServiceDefaults", "Homer.ServiceDefaults\Homer.ServiceDefaults.csproj", "{E71F2A9A-E3A7-4173-960D-A5DA62B6EA92}"
EndProject
Project("{FAE04EC0-301F-11D3-BF4B-00C04F79EFBC}") = "Homer.AppHost", "Homer.AppHost\Homer.AppHost.csproj", "{EF1E599A-C666-43DF-A92D-DEF4BC2D21CB}"
EndProject
Project("{FAE04EC0-301F-11D3-BF4B-00C04F79EFBC}") = "Homer.NetDaemon", "Homer.NetDaemon\Homer.NetDaemon.csproj", "{E420E7C2-26A7-43DF-B8C2-DAA171AD1520}"
EndProject
Project("{2150E333-8FDC-42A3-9474-1A3956D46DE8}") = "Solution Items", "Solution Items", "{F08C67DA-682A-4D0A-8361-B6A3A34F3CDD}"
	ProjectSection(SolutionItems) = preProject
		docker-compose.yml = docker-compose.yml
	EndProjectSection
EndProject
Project("{FAE04EC0-301F-11D3-BF4B-00C04F79EFBC}") = "Homer.NetDaemon.Client", "Homer.NetDaemon.Client\Homer.NetDaemon.Client.csproj", "{F99780C2-F611-4BCE-82E3-6C8F18E9A469}"
EndProject
Global
	GlobalSection(SolutionConfigurationPlatforms) = preSolution
		Debug|Any CPU = Debug|Any CPU
		Debug|x64 = Debug|x64
		Debug|x86 = Debug|x86
		Release|Any CPU = Release|Any CPU
		Release|x64 = Release|x64
		Release|x86 = Release|x86
	EndGlobalSection
	GlobalSection(ProjectConfigurationPlatforms) = postSolution
		{E71F2A9A-E3A7-4173-960D-A5DA62B6EA92}.Debug|Any CPU.ActiveCfg = Debug|Any CPU
		{E71F2A9A-E3A7-4173-960D-A5DA62B6EA92}.Debug|Any CPU.Build.0 = Debug|Any CPU
		{E71F2A9A-E3A7-4173-960D-A5DA62B6EA92}.Debug|x64.ActiveCfg = Debug|Any CPU
		{E71F2A9A-E3A7-4173-960D-A5DA62B6EA92}.Debug|x64.Build.0 = Debug|Any CPU
		{E71F2A9A-E3A7-4173-960D-A5DA62B6EA92}.Debug|x86.ActiveCfg = Debug|Any CPU
		{E71F2A9A-E3A7-4173-960D-A5DA62B6EA92}.Debug|x86.Build.0 = Debug|Any CPU
		{E71F2A9A-E3A7-4173-960D-A5DA62B6EA92}.Release|Any CPU.ActiveCfg = Release|Any CPU
		{E71F2A9A-E3A7-4173-960D-A5DA62B6EA92}.Release|Any CPU.Build.0 = Release|Any CPU
		{E71F2A9A-E3A7-4173-960D-A5DA62B6EA92}.Release|x64.ActiveCfg = Release|Any CPU
		{E71F2A9A-E3A7-4173-960D-A5DA62B6EA92}.Release|x64.Build.0 = Release|Any CPU
		{E71F2A9A-E3A7-4173-960D-A5DA62B6EA92}.Release|x86.ActiveCfg = Release|Any CPU
		{E71F2A9A-E3A7-4173-960D-A5DA62B6EA92}.Release|x86.Build.0 = Release|Any CPU
		{EF1E599A-C666-43DF-A92D-DEF4BC2D21CB}.Debug|Any CPU.ActiveCfg = Debug|Any CPU
		{EF1E599A-C666-43DF-A92D-DEF4BC2D21CB}.Debug|Any CPU.Build.0 = Debug|Any CPU
		{EF1E599A-C666-43DF-A92D-DEF4BC2D21CB}.Debug|x64.ActiveCfg = Debug|Any CPU
		{EF1E599A-C666-43DF-A92D-DEF4BC2D21CB}.Debug|x64.Build.0 = Debug|Any CPU
		{EF1E599A-C666-43DF-A92D-DEF4BC2D21CB}.Debug|x86.ActiveCfg = Debug|Any CPU
		{EF1E599A-C666-43DF-A92D-DEF4BC2D21CB}.Debug|x86.Build.0 = Debug|Any CPU
		{EF1E599A-C666-43DF-A92D-DEF4BC2D21CB}.Release|Any CPU.ActiveCfg = Release|Any CPU
		{EF1E599A-C666-43DF-A92D-DEF4BC2D21CB}.Release|Any CPU.Build.0 = Release|Any CPU
		{EF1E599A-C666-43DF-A92D-DEF4BC2D21CB}.Release|x64.ActiveCfg = Release|Any CPU
		{EF1E599A-C666-43DF-A92D-DEF4BC2D21CB}.Release|x64.Build.0 = Release|Any CPU
		{EF1E599A-C666-43DF-A92D-DEF4BC2D21CB}.Release|x86.ActiveCfg = Release|Any CPU
		{EF1E599A-C666-43DF-A92D-DEF4BC2D21CB}.Release|x86.Build.0 = Release|Any CPU
		{E420E7C2-26A7-43DF-B8C2-DAA171AD1520}.Debug|Any CPU.ActiveCfg = Debug|Any CPU
		{E420E7C2-26A7-43DF-B8C2-DAA171AD1520}.Debug|Any CPU.Build.0 = Debug|Any CPU
		{E420E7C2-26A7-43DF-B8C2-DAA171AD1520}.Debug|x64.ActiveCfg = Debug|Any CPU
		{E420E7C2-26A7-43DF-B8C2-DAA171AD1520}.Debug|x64.Build.0 = Debug|Any CPU
		{E420E7C2-26A7-43DF-B8C2-DAA171AD1520}.Debug|x86.ActiveCfg = Debug|Any CPU
		{E420E7C2-26A7-43DF-B8C2-DAA171AD1520}.Debug|x86.Build.0 = Debug|Any CPU
		{E420E7C2-26A7-43DF-B8C2-DAA171AD1520}.Release|Any CPU.ActiveCfg = Release|Any CPU
		{E420E7C2-26A7-43DF-B8C2-DAA171AD1520}.Release|Any CPU.Build.0 = Release|Any CPU
		{E420E7C2-26A7-43DF-B8C2-DAA171AD1520}.Release|x64.ActiveCfg = Release|Any CPU
		{E420E7C2-26A7-43DF-B8C2-DAA171AD1520}.Release|x64.Build.0 = Release|Any CPU
		{E420E7C2-26A7-43DF-B8C2-DAA171AD1520}.Release|x86.ActiveCfg = Release|Any CPU
		{E420E7C2-26A7-43DF-B8C2-DAA171AD1520}.Release|x86.Build.0 = Release|Any CPU
		{F99780C2-F611-4BCE-82E3-6C8F18E9A469}.Debug|Any CPU.ActiveCfg = Debug|Any CPU
		{F99780C2-F611-4BCE-82E3-6C8F18E9A469}.Debug|Any CPU.Build.0 = Debug|Any CPU
		{F99780C2-F611-4BCE-82E3-6C8F18E9A469}.Debug|x64.ActiveCfg = Debug|Any CPU
		{F99780C2-F611-4BCE-82E3-6C8F18E9A469}.Debug|x64.Build.0 = Debug|Any CPU
		{F99780C2-F611-4BCE-82E3-6C8F18E9A469}.Debug|x86.ActiveCfg = Debug|Any CPU
		{F99780C2-F611-4BCE-82E3-6C8F18E9A469}.Debug|x86.Build.0 = Debug|Any CPU
		{F99780C2-F611-4BCE-82E3-6C8F18E9A469}.Release|Any CPU.ActiveCfg = Release|Any CPU
		{F99780C2-F611-4BCE-82E3-6C8F18E9A469}.Release|Any CPU.Build.0 = Release|Any CPU
		{F99780C2-F611-4BCE-82E3-6C8F18E9A469}.Release|x64.ActiveCfg = Release|Any CPU
		{F99780C2-F611-4BCE-82E3-6C8F18E9A469}.Release|x64.Build.0 = Release|Any CPU
		{F99780C2-F611-4BCE-82E3-6C8F18E9A469}.Release|x86.ActiveCfg = Release|Any CPU
		{F99780C2-F611-4BCE-82E3-6C8F18E9A469}.Release|x86.Build.0 = Release|Any CPU
	EndGlobalSection
	GlobalSection(SolutionProperties) = preSolution
		HideSolutionNode = FALSE
	EndGlobalSection
EndGlobal
